
Microsoft Visual Studio Solution File, Format Version 12.00
# Visual Studio Version 17
VisualStudioVersion = 17.5.2.0
MinimumVisualStudioVersion = 10.0.40219.1
Project("{FAE04EC0-301F-11D3-BF4B-00C04F79EFBC}") = "V-Notch", "V-Notch.csproj", "{74A74E6B-C38C-B165-9438-97EF506EBAF0}"
EndProject
Project("{2150E333-8FDC-42A3-9474-1A3956D46DE8}") = "Tests", "Tests", "{0AB3BF05-4346-4AA6-1389-037BE0695223}"
EndProject
Project("{FAE04EC0-301F-11D3-BF4B-00C04F79EFBC}") = "VNotch.Tests", "Tests\VNotch.Tests.csproj", "{B45CC248-9B2E-4292-BDF8-78C01977E422}"
EndProject
Global
	GlobalSection(SolutionConfigurationPlatforms) = preSolution
		Debug|Any CPU = Debug|Any CPU
		Debug|x64 = Debug|x64
		Debug|x86 = Debug|x86
		Release|Any CPU = Release|Any CPU
		Release|x64 = Release|x64
		Release|x86 = Release|x86
	EndGlobalSection
	GlobalSection(ProjectConfigurationPlatforms) = postSolution
		{74A74E6B-C38C-B165-9438-97EF506EBAF0}.Debug|Any CPU.ActiveCfg = Debug|Any CPU
		{74A74E6B-C38C-B165-9438-97EF506EBAF0}.Debug|Any CPU.Build.0 = Debug|Any CPU
		{74A74E6B-C38C-B165-9438-97EF506EBAF0}.Debug|x64.ActiveCfg = Debug|Any CPU
		{74A74E6B-C38C-B165-9438-97EF506EBAF0}.Debug|x64.Build.0 = Debug|Any CPU
		{74A74E6B-C38C-B165-9438-97EF506EBAF0}.Debug|x86.ActiveCfg = Debug|Any CPU
		{74A74E6B-C38C-B165-9438-97EF506EBAF0}.Debug|x86.Build.0 = Debug|Any CPU
		{74A74E6B-C38C-B165-9438-97EF506EBAF0}.Release|Any CPU.ActiveCfg = Release|Any CPU
		{74A74E6B-C38C-B165-9438-97EF506EBAF0}.Release|Any CPU.Build.0 = Release|Any CPU
		{74A74E6B-C38C-B165-9438-97EF506EBAF0}.Release|x64.ActiveCfg = Release|Any CPU
		{74A74E6B-C38C-B165-9438-97EF506EBAF0}.Release|x64.Build.0 = Release|Any CPU
		{74A74E6B-C38C-B165-9438-97EF506EBAF0}.Release|x86.ActiveCfg = Release|Any CPU
		{74A74E6B-C38C-B165-9438-97EF506EBAF0}.Release|x86.Build.0 = Release|Any CPU
		{B45CC248-9B2E-4292-BDF8-78C01977E422}.Debug|Any CPU.ActiveCfg = Debug|Any CPU
		{B45CC248-9B2E-4292-BDF8-78C01977E422}.Debug|Any CPU.Build.0 = Debug|Any CPU
		{B45CC248-9B2E-4292-BDF8-78C01977E422}.Debug|x64.ActiveCfg = Debug|Any CPU
		{B45CC248-9B2E-4292-BDF8-78C01977E422}.Debug|x64.Build.0 = Debug|Any CPU
		{B45CC248-9B2E-4292-BDF8-78C01977E422}.Debug|x86.ActiveCfg = Debug|Any CPU
		{B45CC248-9B2E-4292-BDF8-78C01977E422}.Debug|x86.Build.0 = Debug|Any CPU
		{B45CC248-9B2E-4292-BDF8-78C01977E422}.Release|Any CPU.ActiveCfg = Release|Any CPU
		{B45CC248-9B2E-4292-BDF8-78C01977E422}.Release|Any CPU.Build.0 = Release|Any CPU
		{B45CC248-9B2E-4292-BDF8-78C01977E422}.Release|x64.ActiveCfg = Release|Any CPU
		{B45CC248-9B2E-4292-BDF8-78C01977E422}.Release|x64.Build.0 = Release|Any CPU
		{B45CC248-9B2E-4292-BDF8-78C01977E422}.Release|x86.ActiveCfg = Release|Any CPU
		{B45CC248-9B2E-4292-BDF8-78C01977E422}.Release|x86.Build.0 = Release|Any CPU
	EndGlobalSection
	GlobalSection(SolutionProperties) = preSolution
		HideSolutionNode = FALSE
	EndGlobalSection
	GlobalSection(NestedProjects) = preSolution
		{B45CC248-9B2E-4292-BDF8-78C01977E422} = {0AB3BF05-4346-4AA6-1389-037BE0695223}
	EndGlobalSection
	GlobalSection(ExtensibilityGlobals) = postSolution
		SolutionGuid = {6AE4A3F4-4BF5-49F2-A24E-92A966B157E9}
	EndGlobalSection
EndGlobal
